
Microsoft Visual Studio Solution File, Format Version 12.00
# Visual Studio Version 17
VisualStudioVersion = 17.12.35506.116 d17.12
MinimumVisualStudioVersion = 10.0.40219.1
Project("{2150E333-8FDC-42A3-9474-1A3956D46DE8}") = "src", "src", "{4B145149-34B0-4A8E-BF84-D7A77CA6890D}"
EndProject
Project("{2150E333-8FDC-42A3-9474-1A3956D46DE8}") = "docs", "docs", "{DCAC6F08-D578-44D1-92FC-F1215C84EF64}"
EndProject
Project("{2150E333-8FDC-42A3-9474-1A3956D46DE8}") = "Application", "Application", "{ED025F61-EF14-486B-BFEE-4813E5CDDFE2}"
EndProject
Project("{2150E333-8FDC-42A3-9474-1A3956D46DE8}") = "Domain", "Domain", "{B3BD62BF-0432-4B34-87BE-C6DEE8040CBC}"
EndProject
Project("{2150E333-8FDC-42A3-9474-1A3956D46DE8}") = "Infrastructure", "Infrastructure", "{0CFFF1B6-6B17-4927-8268-0DF0779B1154}"
EndProject
Project("{2150E333-8FDC-42A3-9474-1A3956D46DE8}") = "Presentation", "Presentation", "{B445BF6B-6889-43B7-8D78-636F2D3D5F1F}"
EndProject
Project("{2150E333-8FDC-42A3-9474-1A3956D46DE8}") = "test", "test", "{1BA65527-F4A4-4A00-A00F-48C11A32C7C7}"
EndProject
Project("{2150E333-8FDC-42A3-9474-1A3956D46DE8}") = "Unit", "Unit", "{F2C3A53D-64D3-4DA6-B4E0-3AF0FD580A44}"
EndProject
Project("{2150E333-8FDC-42A3-9474-1A3956D46DE8}") = "Integration", "Integration", "{5F58DC6C-3F97-43E8-AC37-2CDAA7FE62BC}"
EndProject
Project("{FAE04EC0-301F-11D3-BF4B-00C04F79EFBC}") = "RouteWiseApp.API", "src\Presentation\RouteWiseApp.API\RouteWiseApp.API.csproj", "{D7CFE6AE-9A6F-47C1-82B5-0E498D23D09B}"
EndProject
Project("{FAE04EC0-301F-11D3-BF4B-00C04F79EFBC}") = "RouteWiseApp.DOMAIN", "src\Domain\RouteWiseApp.DOMAIN\RouteWiseApp.DOMAIN.csproj", "{57BC07AF-B773-40FC-A257-DED3288771E3}"
EndProject
Project("{FAE04EC0-301F-11D3-BF4B-00C04F79EFBC}") = "RouteWiseApp.INFRASTRUCTURE", "src\Infrastructure\RouteWiseApp.Infrastructure\RouteWiseApp.INFRASTRUCTURE\RouteWiseApp.INFRASTRUCTURE.csproj", "{86E65660-DE62-46B9-9484-FA7496E991FE}"
EndProject
Project("{FAE04EC0-301F-11D3-BF4B-00C04F79EFBC}") = "RouteWiseApp.APPLICATION", "src\Application\RouteWiseApp.APPLICATION\RouteWiseApp.APPLICATION.csproj", "{412E9C4B-EE12-413F-8AFA-971084DBC240}"
EndProject
Global
	GlobalSection(SolutionConfigurationPlatforms) = preSolution
		Debug|Any CPU = Debug|Any CPU
		Release|Any CPU = Release|Any CPU
	EndGlobalSection
	GlobalSection(ProjectConfigurationPlatforms) = postSolution
		{D7CFE6AE-9A6F-47C1-82B5-0E498D23D09B}.Debug|Any CPU.ActiveCfg = Debug|Any CPU
		{D7CFE6AE-9A6F-47C1-82B5-0E498D23D09B}.Debug|Any CPU.Build.0 = Debug|Any CPU
		{D7CFE6AE-9A6F-47C1-82B5-0E498D23D09B}.Release|Any CPU.ActiveCfg = Release|Any CPU
		{D7CFE6AE-9A6F-47C1-82B5-0E498D23D09B}.Release|Any CPU.Build.0 = Release|Any CPU
		{57BC07AF-B773-40FC-A257-DED3288771E3}.Debug|Any CPU.ActiveCfg = Debug|Any CPU
		{57BC07AF-B773-40FC-A257-DED3288771E3}.Debug|Any CPU.Build.0 = Debug|Any CPU
		{57BC07AF-B773-40FC-A257-DED3288771E3}.Release|Any CPU.ActiveCfg = Release|Any CPU
		{57BC07AF-B773-40FC-A257-DED3288771E3}.Release|Any CPU.Build.0 = Release|Any CPU
		{86E65660-DE62-46B9-9484-FA7496E991FE}.Debug|Any CPU.ActiveCfg = Debug|Any CPU
		{86E65660-DE62-46B9-9484-FA7496E991FE}.Debug|Any CPU.Build.0 = Debug|Any CPU
		{86E65660-DE62-46B9-9484-FA7496E991FE}.Release|Any CPU.ActiveCfg = Release|Any CPU
		{86E65660-DE62-46B9-9484-FA7496E991FE}.Release|Any CPU.Build.0 = Release|Any CPU
		{412E9C4B-EE12-413F-8AFA-971084DBC240}.Debug|Any CPU.ActiveCfg = Debug|Any CPU
		{412E9C4B-EE12-413F-8AFA-971084DBC240}.Debug|Any CPU.Build.0 = Debug|Any CPU
		{412E9C4B-EE12-413F-8AFA-971084DBC240}.Release|Any CPU.ActiveCfg = Release|Any CPU
		{412E9C4B-EE12-413F-8AFA-971084DBC240}.Release|Any CPU.Build.0 = Release|Any CPU
	EndGlobalSection
	GlobalSection(SolutionProperties) = preSolution
		HideSolutionNode = FALSE
	EndGlobalSection
	GlobalSection(NestedProjects) = preSolution
		{ED025F61-EF14-486B-BFEE-4813E5CDDFE2} = {4B145149-34B0-4A8E-BF84-D7A77CA6890D}
		{B3BD62BF-0432-4B34-87BE-C6DEE8040CBC} = {4B145149-34B0-4A8E-BF84-D7A77CA6890D}
		{0CFFF1B6-6B17-4927-8268-0DF0779B1154} = {4B145149-34B0-4A8E-BF84-D7A77CA6890D}
		{B445BF6B-6889-43B7-8D78-636F2D3D5F1F} = {4B145149-34B0-4A8E-BF84-D7A77CA6890D}
		{F2C3A53D-64D3-4DA6-B4E0-3AF0FD580A44} = {1BA65527-F4A4-4A00-A00F-48C11A32C7C7}
		{5F58DC6C-3F97-43E8-AC37-2CDAA7FE62BC} = {1BA65527-F4A4-4A00-A00F-48C11A32C7C7}
		{D7CFE6AE-9A6F-47C1-82B5-0E498D23D09B} = {B445BF6B-6889-43B7-8D78-636F2D3D5F1F}
		{57BC07AF-B773-40FC-A257-DED3288771E3} = {B3BD62BF-0432-4B34-87BE-C6DEE8040CBC}
		{86E65660-DE62-46B9-9484-FA7496E991FE} = {0CFFF1B6-6B17-4927-8268-0DF0779B1154}
		{412E9C4B-EE12-413F-8AFA-971084DBC240} = {ED025F61-EF14-486B-BFEE-4813E5CDDFE2}
	EndGlobalSection
EndGlobal
